
Microsoft Visual Studio Solution File, Format Version 12.00
# Visual Studio Version 17
VisualStudioVersion = 17.10.35013.160
MinimumVisualStudioVersion = 10.0.40219.1
Project("{FAE04EC0-301F-11D3-BF4B-00C04F79EFBC}") = "Bunker.Api", "Bunker.Api\Bunker.Api.csproj", "{5D009DAF-C130-4501-88D8-316DB4C46E6D}"
	ProjectSection(ProjectDependencies) = postProject
		{1015E569-3278-453A-9DBB-E682170FCBC2} = {1015E569-3278-453A-9DBB-E682170FCBC2}
		{83DA3C3B-DF88-4A6F-ADB7-7A49BEC617C6} = {83DA3C3B-DF88-4A6F-ADB7-7A49BEC617C6}
		{841A3239-EE1E-4E10-A810-F301A46D709D} = {841A3239-EE1E-4E10-A810-F301A46D709D}
		{D44C8161-BDCB-4E1B-BBEE-C1A88BAF7932} = {D44C8161-BDCB-4E1B-BBEE-C1A88BAF7932}
		{EB989DF8-56BD-4019-AFB5-200D91AFB903} = {EB989DF8-56BD-4019-AFB5-200D91AFB903}
	EndProjectSection
EndProject
Project("{FAE04EC0-301F-11D3-BF4B-00C04F79EFBC}") = "Bunker.Abstractions", "Bunker.Abstractions\Bunker.Abstractions.csproj", "{841A3239-EE1E-4E10-A810-F301A46D709D}"
	ProjectSection(ProjectDependencies) = postProject
		{35B8FF42-D642-45D3-8FB5-6AC53B112D93} = {35B8FF42-D642-45D3-8FB5-6AC53B112D93}
		{83DA3C3B-DF88-4A6F-ADB7-7A49BEC617C6} = {83DA3C3B-DF88-4A6F-ADB7-7A49BEC617C6}
	EndProjectSection
EndProject
Project("{FAE04EC0-301F-11D3-BF4B-00C04F79EFBC}") = "Bunker.Application", "Bunker.Application\Bunker.Application.csproj", "{D44C8161-BDCB-4E1B-BBEE-C1A88BAF7932}"
	ProjectSection(ProjectDependencies) = postProject
		{35B8FF42-D642-45D3-8FB5-6AC53B112D93} = {35B8FF42-D642-45D3-8FB5-6AC53B112D93}
		{83DA3C3B-DF88-4A6F-ADB7-7A49BEC617C6} = {83DA3C3B-DF88-4A6F-ADB7-7A49BEC617C6}
		{841A3239-EE1E-4E10-A810-F301A46D709D} = {841A3239-EE1E-4E10-A810-F301A46D709D}
	EndProjectSection
EndProject
Project("{FAE04EC0-301F-11D3-BF4B-00C04F79EFBC}") = "Bunker.Domain", "Bunker.Domain\Bunker.Domain.csproj", "{83DA3C3B-DF88-4A6F-ADB7-7A49BEC617C6}"
	ProjectSection(ProjectDependencies) = postProject
		{35B8FF42-D642-45D3-8FB5-6AC53B112D93} = {35B8FF42-D642-45D3-8FB5-6AC53B112D93}
	EndProjectSection
EndProject
Project("{FAE04EC0-301F-11D3-BF4B-00C04F79EFBC}") = "Bunker.Infrastructure", "Bunker.Infrastructure\Bunker.Infrastructure.csproj", "{1015E569-3278-453A-9DBB-E682170FCBC2}"
	ProjectSection(ProjectDependencies) = postProject
		{35B8FF42-D642-45D3-8FB5-6AC53B112D93} = {35B8FF42-D642-45D3-8FB5-6AC53B112D93}
		{83DA3C3B-DF88-4A6F-ADB7-7A49BEC617C6} = {83DA3C3B-DF88-4A6F-ADB7-7A49BEC617C6}
		{841A3239-EE1E-4E10-A810-F301A46D709D} = {841A3239-EE1E-4E10-A810-F301A46D709D}
		{D44C8161-BDCB-4E1B-BBEE-C1A88BAF7932} = {D44C8161-BDCB-4E1B-BBEE-C1A88BAF7932}
	EndProjectSection
EndProject
Project("{FAE04EC0-301F-11D3-BF4B-00C04F79EFBC}") = "Bunker.Services", "Bunker.Services\Bunker.Services.csproj", "{EB989DF8-56BD-4019-AFB5-200D91AFB903}"
	ProjectSection(ProjectDependencies) = postProject
		{35B8FF42-D642-45D3-8FB5-6AC53B112D93} = {35B8FF42-D642-45D3-8FB5-6AC53B112D93}
		{83DA3C3B-DF88-4A6F-ADB7-7A49BEC617C6} = {83DA3C3B-DF88-4A6F-ADB7-7A49BEC617C6}
		{841A3239-EE1E-4E10-A810-F301A46D709D} = {841A3239-EE1E-4E10-A810-F301A46D709D}
	EndProjectSection
EndProject
Project("{FAE04EC0-301F-11D3-BF4B-00C04F79EFBC}") = "Bunker.Core", "Bunker.Core\Bunker.Core.csproj", "{35B8FF42-D642-45D3-8FB5-6AC53B112D93}"
EndProject
Global
	GlobalSection(SolutionConfigurationPlatforms) = preSolution
		Debug|Any CPU = Debug|Any CPU
		Release|Any CPU = Release|Any CPU
	EndGlobalSection
	GlobalSection(ProjectConfigurationPlatforms) = postSolution
		{5D009DAF-C130-4501-88D8-316DB4C46E6D}.Debug|Any CPU.ActiveCfg = Debug|Any CPU
		{5D009DAF-C130-4501-88D8-316DB4C46E6D}.Debug|Any CPU.Build.0 = Debug|Any CPU
		{5D009DAF-C130-4501-88D8-316DB4C46E6D}.Release|Any CPU.ActiveCfg = Release|Any CPU
		{5D009DAF-C130-4501-88D8-316DB4C46E6D}.Release|Any CPU.Build.0 = Release|Any CPU
		{841A3239-EE1E-4E10-A810-F301A46D709D}.Debug|Any CPU.ActiveCfg = Debug|Any CPU
		{841A3239-EE1E-4E10-A810-F301A46D709D}.Debug|Any CPU.Build.0 = Debug|Any CPU
		{841A3239-EE1E-4E10-A810-F301A46D709D}.Release|Any CPU.ActiveCfg = Release|Any CPU
		{841A3239-EE1E-4E10-A810-F301A46D709D}.Release|Any CPU.Build.0 = Release|Any CPU
		{D44C8161-BDCB-4E1B-BBEE-C1A88BAF7932}.Debug|Any CPU.ActiveCfg = Debug|Any CPU
		{D44C8161-BDCB-4E1B-BBEE-C1A88BAF7932}.Debug|Any CPU.Build.0 = Debug|Any CPU
		{D44C8161-BDCB-4E1B-BBEE-C1A88BAF7932}.Release|Any CPU.ActiveCfg = Release|Any CPU
		{D44C8161-BDCB-4E1B-BBEE-C1A88BAF7932}.Release|Any CPU.Build.0 = Release|Any CPU
		{83DA3C3B-DF88-4A6F-ADB7-7A49BEC617C6}.Debug|Any CPU.ActiveCfg = Debug|Any CPU
		{83DA3C3B-DF88-4A6F-ADB7-7A49BEC617C6}.Debug|Any CPU.Build.0 = Debug|Any CPU
		{83DA3C3B-DF88-4A6F-ADB7-7A49BEC617C6}.Release|Any CPU.ActiveCfg = Release|Any CPU
		{83DA3C3B-DF88-4A6F-ADB7-7A49BEC617C6}.Release|Any CPU.Build.0 = Release|Any CPU
		{1015E569-3278-453A-9DBB-E682170FCBC2}.Debug|Any CPU.ActiveCfg = Debug|Any CPU
		{1015E569-3278-453A-9DBB-E682170FCBC2}.Debug|Any CPU.Build.0 = Debug|Any CPU
		{1015E569-3278-453A-9DBB-E682170FCBC2}.Release|Any CPU.ActiveCfg = Release|Any CPU
		{1015E569-3278-453A-9DBB-E682170FCBC2}.Release|Any CPU.Build.0 = Release|Any CPU
		{EB989DF8-56BD-4019-AFB5-200D91AFB903}.Debug|Any CPU.ActiveCfg = Debug|Any CPU
		{EB989DF8-56BD-4019-AFB5-200D91AFB903}.Debug|Any CPU.Build.0 = Debug|Any CPU
		{EB989DF8-56BD-4019-AFB5-200D91AFB903}.Release|Any CPU.ActiveCfg = Release|Any CPU
		{EB989DF8-56BD-4019-AFB5-200D91AFB903}.Release|Any CPU.Build.0 = Release|Any CPU
		{35B8FF42-D642-45D3-8FB5-6AC53B112D93}.Debug|Any CPU.ActiveCfg = Debug|Any CPU
		{35B8FF42-D642-45D3-8FB5-6AC53B112D93}.Debug|Any CPU.Build.0 = Debug|Any CPU
		{35B8FF42-D642-45D3-8FB5-6AC53B112D93}.Release|Any CPU.ActiveCfg = Release|Any CPU
		{35B8FF42-D642-45D3-8FB5-6AC53B112D93}.Release|Any CPU.Build.0 = Release|Any CPU
	EndGlobalSection
	GlobalSection(SolutionProperties) = preSolution
		HideSolutionNode = FALSE
	EndGlobalSection
	GlobalSection(ExtensibilityGlobals) = postSolution
		SolutionGuid = {8A1F7ED8-63EE-4CA2-8079-5377760F3930}
	EndGlobalSection
EndGlobal
